PODS:
  - AFNetworking (2.6.0):
    - AFNetworking/NSURLConnection (= 2.6.0)
    - AFNetworking/NSURLSession (= 2.6.0)
    - AFNetworking/Reachability (= 2.6.0)
    - AFNetworking/Security (= 2.6.0)
    - AFNetworking/Serialization (= 2.6.0)
    - AFNetworking/UIKit (= 2.6.0)
  - AFNetworking/NSURLConnection (2.6.0):
    - AFNetworking/Reachability
    - AFNetworking/Security
    - AFNetworking/Serialization
  - AFNetworking/NSURLSession (2.6.0):
    - AFNetworking/Reachability
    - AFNetworking/Security
    - AFNetworking/Serialization
  - AFNetworking/Reachability (2.6.0)
  - AFNetworking/Security (2.6.0)
  - AFNetworking/Serialization (2.6.0)
  - AFNetworking/UIKit (2.6.0):
    - AFNetworking/NSURLConnection
    - AFNetworking/NSURLSession
  - Masonry (0.6.2)
  - MBProgressHUD (1.0.0)

DEPENDENCIES:
  - AFNetworking (= 2.6.0)
  - Masonry (= 0.6.2)
  - MBProgressHUD (= 1.0.0)

SPEC CHECKSUMS:
  AFNetworking: 79f7eb1a0fcfa7beb409332b2ca49afe9ce53b05
  Masonry: 362e8a1cc0beada4a4c4832d5e863da2a51533be
  MBProgressHUD: 4890f671c94e8a0f3cf959aa731e9de2f036d71a

PODFILE CHECKSUM: f02f69884e0b7bc8e7bd1e1205073ba59b1f1cdd

COCOAPODS: 1.1.1
